
Microsoft Visual Studio Solution File, Format Version 12.00
# Visual Studio Version 17
VisualStudioVersion = 17.10.35004.147
MinimumVisualStudioVersion = 10.0.40219.1
Project("{FAE04EC0-301F-11D3-BF4B-00C04F79EFBC}") = "AuthenticationKeycloak.WebApi", "AuthenticationKeycloak.WebApi\AuthenticationKeycloak.WebApi.csproj", "{AEFCDEF5-3A96-4F9C-BB23-D2530D629C6A}"
EndProject
Global
	GlobalSection(SolutionConfigurationPlatforms) = preSolution
		Debug|Any CPU = Debug|Any CPU
		Release|Any CPU = Release|Any CPU
	EndGlobalSection
	GlobalSection(ProjectConfigurationPlatforms) = postSolution
		{AEFCDEF5-3A96-4F9C-BB23-D2530D629C6A}.Debug|Any CPU.ActiveCfg = Debug|Any CPU
		{AEFCDEF5-3A96-4F9C-BB23-D2530D629C6A}.Debug|Any CPU.Build.0 = Debug|Any CPU
		{AEFCDEF5-3A96-4F9C-BB23-D2530D629C6A}.Release|Any CPU.ActiveCfg = Release|Any CPU
		{AEFCDEF5-3A96-4F9C-BB23-D2530D629C6A}.Release|Any CPU.Build.0 = Release|Any CPU
	EndGlobalSection
	GlobalSection(SolutionProperties) = preSolution
		HideSolutionNode = FALSE
	EndGlobalSection
	GlobalSection(ExtensibilityGlobals) = postSolution
		SolutionGuid = {25E296C1-6E10-48A2-81F3-64C7D2DA0E06}
	EndGlobalSection
EndGlobal
